
Microsoft Visual Studio Solution File, Format Version 12.00
# Visual Studio Version 16
VisualStudioVersion = 16.0.30517.126
MinimumVisualStudioVersion = 10.0.40219.1
Project("{9A19103F-16F7-4668-BE54-9A1E7A4F7556}") = "ShopLapTop.Server", "ShopLapTop.Server\ShopLapTop.Server.csproj", "{E68264F8-2A75-4AA2-B09C-1378D9FACE56}"
EndProject
Project("{9A19103F-16F7-4668-BE54-9A1E7A4F7556}") = "ShopLapTop.Client", "ShopLapTop.Client\ShopLapTop.Client.csproj", "{C98BE134-9E25-486F-B467-EA5C23DD1DB0}"
EndProject
Project("{9A19103F-16F7-4668-BE54-9A1E7A4F7556}") = "ShopLapTop.API", "ShopLapTop.API\ShopLapTop.API.csproj", "{78169DA7-1F41-481C-896E-F120B19D9EB8}"
EndProject
Project("{9A19103F-16F7-4668-BE54-9A1E7A4F7556}") = "ShopLapTop.Shared", "ShopLapTop.Shared\ShopLapTop.Shared.csproj", "{6D71672C-3E8F-4CB6-B372-ABBE6A64A38F}"
EndProject
Project("{9A19103F-16F7-4668-BE54-9A1E7A4F7556}") = "Client", "Client\Client\Client.csproj", "{BFBB894D-CA9D-4C80-B599-CC2738655F4D}"
EndProject
Global
	GlobalSection(SolutionConfigurationPlatforms) = preSolution
		Debug|Any CPU = Debug|Any CPU
		Release|Any CPU = Release|Any CPU
	EndGlobalSection
	GlobalSection(ProjectConfigurationPlatforms) = postSolution
		{E68264F8-2A75-4AA2-B09C-1378D9FACE56}.Debug|Any CPU.ActiveCfg = Debug|Any CPU
		{E68264F8-2A75-4AA2-B09C-1378D9FACE56}.Debug|Any CPU.Build.0 = Debug|Any CPU
		{E68264F8-2A75-4AA2-B09C-1378D9FACE56}.Release|Any CPU.ActiveCfg = Release|Any CPU
		{E68264F8-2A75-4AA2-B09C-1378D9FACE56}.Release|Any CPU.Build.0 = Release|Any CPU
		{C98BE134-9E25-486F-B467-EA5C23DD1DB0}.Debug|Any CPU.ActiveCfg = Debug|Any CPU
		{C98BE134-9E25-486F-B467-EA5C23DD1DB0}.Debug|Any CPU.Build.0 = Debug|Any CPU
		{C98BE134-9E25-486F-B467-EA5C23DD1DB0}.Release|Any CPU.ActiveCfg = Release|Any CPU
		{C98BE134-9E25-486F-B467-EA5C23DD1DB0}.Release|Any CPU.Build.0 = Release|Any CPU
		{78169DA7-1F41-481C-896E-F120B19D9EB8}.Debug|Any CPU.ActiveCfg = Debug|Any CPU
		{78169DA7-1F41-481C-896E-F120B19D9EB8}.Debug|Any CPU.Build.0 = Debug|Any CPU
		{78169DA7-1F41-481C-896E-F120B19D9EB8}.Release|Any CPU.ActiveCfg = Release|Any CPU
		{78169DA7-1F41-481C-896E-F120B19D9EB8}.Release|Any CPU.Build.0 = Release|Any CPU
		{6D71672C-3E8F-4CB6-B372-ABBE6A64A38F}.Debug|Any CPU.ActiveCfg = Debug|Any CPU
		{6D71672C-3E8F-4CB6-B372-ABBE6A64A38F}.Debug|Any CPU.Build.0 = Debug|Any CPU
		{6D71672C-3E8F-4CB6-B372-ABBE6A64A38F}.Release|Any CPU.ActiveCfg = Release|Any CPU
		{6D71672C-3E8F-4CB6-B372-ABBE6A64A38F}.Release|Any CPU.Build.0 = Release|Any CPU
		{BFBB894D-CA9D-4C80-B599-CC2738655F4D}.Debug|Any CPU.ActiveCfg = Debug|Any CPU
		{BFBB894D-CA9D-4C80-B599-CC2738655F4D}.Debug|Any CPU.Build.0 = Debug|Any CPU
		{BFBB894D-CA9D-4C80-B599-CC2738655F4D}.Release|Any CPU.ActiveCfg = Release|Any CPU
		{BFBB894D-CA9D-4C80-B599-CC2738655F4D}.Release|Any CPU.Build.0 = Release|Any CPU
	EndGlobalSection
	GlobalSection(SolutionProperties) = preSolution
		HideSolutionNode = FALSE
	EndGlobalSection
	GlobalSection(ExtensibilityGlobals) = postSolution
		SolutionGuid = {0B4F36E2-A1D3-4088-8247-78AF4A1E6E95}
	EndGlobalSection
EndGlobal
